
Microsoft Visual Studio Solution File, Format Version 12.00
# Visual Studio Version 17
VisualStudioVersion = 17.3.32901.215
MinimumVisualStudioVersion = 10.0.40219.1
Project("{2150E333-8FDC-42A3-9474-1A3956D46DE8}") = "src", "src", "{0DEDF54F-5CDA-45DF-A023-8759FBA70B00}"
EndProject
Project("{2150E333-8FDC-42A3-9474-1A3956D46DE8}") = "Core", "Core", "{7B5D4344-3FC9-403C-8217-45A95C6E55A1}"
EndProject
Project("{2150E333-8FDC-42A3-9474-1A3956D46DE8}") = "Infrastructure", "Infrastructure", "{3A162D1E-1F85-48DE-A457-F9797B46C4F4}"
EndProject
Project("{2150E333-8FDC-42A3-9474-1A3956D46DE8}") = "test", "test", "{E044F207-E431-4066-A06A-D0C18C671F14}"
EndProject
Project("{9A19103F-16F7-4668-BE54-9A1E7A4F7556}") = "Domain", "Domain\Domain.csproj", "{3C7571FF-07D8-4154-8066-1DAC987935D5}"
EndProject
Project("{9A19103F-16F7-4668-BE54-9A1E7A4F7556}") = "Contracts", "Contracts\Contracts.csproj", "{9DC5326C-665C-4964-9E82-EB2131AA0FF6}"
EndProject
Project("{9A19103F-16F7-4668-BE54-9A1E7A4F7556}") = "Services", "Services\Services.csproj", "{2D5E9540-65ED-43F8-B696-B70D3578091D}"
EndProject
Project("{9A19103F-16F7-4668-BE54-9A1E7A4F7556}") = "Services.Abstractions", "Services.Abstractions\Services.Abstractions.csproj", "{C8B73D76-FC37-4696-8244-D58B0A2E974C}"
EndProject
Project("{9A19103F-16F7-4668-BE54-9A1E7A4F7556}") = "Persistence", "Persistence\Persistence.csproj", "{5D453D89-E3A2-4370-8462-D5846F1D27D3}"
EndProject
Project("{2150E333-8FDC-42A3-9474-1A3956D46DE8}") = "API", "API", "{AEFB148D-7FCF-477E-B9EF-EBC7E9C3A4B5}"
EndProject
Project("{9A19103F-16F7-4668-BE54-9A1E7A4F7556}") = "PublicAPI", "PublicAPI\PublicAPI.csproj", "{A51AD723-9FDD-4AC7-B3CF-3748052B8573}"
EndProject
Project("{9A19103F-16F7-4668-BE54-9A1E7A4F7556}") = "Presentation", "Presentation\Presentation.csproj", "{6A331CC8-EC40-492B-8E6F-01D7A87B1D1A}"
EndProject
Project("{2150E333-8FDC-42A3-9474-1A3956D46DE8}") = "Solution Items", "Solution Items", "{45A472D9-3D96-4597-9E4E-98BEA0031E93}"
	ProjectSection(SolutionItems) = preProject
		.editorconfig = .editorconfig
	EndProjectSection
EndProject
Project("{9A19103F-16F7-4668-BE54-9A1E7A4F7556}") = "Logger", "Logger\Logger.csproj", "{74B30A9A-FE66-447F-BCA8-93888EB54AC4}"
EndProject
Project("{2150E333-8FDC-42A3-9474-1A3956D46DE8}") = "Messaging", "Messaging", "{434C98CC-A16A-4DAB-B672-6AE72A26232F}"
EndProject
Project("{FAE04EC0-301F-11D3-BF4B-00C04F79EFBC}") = "NotificationsLibrary", "NotificationsLibrary\NotificationsLibrary.csproj", "{53020849-F772-4D91-809E-BF7846A338E8}"
EndProject
Global
	GlobalSection(SolutionConfigurationPlatforms) = preSolution
		Debug|Any CPU = Debug|Any CPU
		Release|Any CPU = Release|Any CPU
	EndGlobalSection
	GlobalSection(ProjectConfigurationPlatforms) = postSolution
		{3C7571FF-07D8-4154-8066-1DAC987935D5}.Debug|Any CPU.ActiveCfg = Debug|Any CPU
		{3C7571FF-07D8-4154-8066-1DAC987935D5}.Debug|Any CPU.Build.0 = Debug|Any CPU
		{3C7571FF-07D8-4154-8066-1DAC987935D5}.Release|Any CPU.ActiveCfg = Release|Any CPU
		{3C7571FF-07D8-4154-8066-1DAC987935D5}.Release|Any CPU.Build.0 = Release|Any CPU
		{9DC5326C-665C-4964-9E82-EB2131AA0FF6}.Debug|Any CPU.ActiveCfg = Debug|Any CPU
		{9DC5326C-665C-4964-9E82-EB2131AA0FF6}.Debug|Any CPU.Build.0 = Debug|Any CPU
		{9DC5326C-665C-4964-9E82-EB2131AA0FF6}.Release|Any CPU.ActiveCfg = Release|Any CPU
		{9DC5326C-665C-4964-9E82-EB2131AA0FF6}.Release|Any CPU.Build.0 = Release|Any CPU
		{2D5E9540-65ED-43F8-B696-B70D3578091D}.Debug|Any CPU.ActiveCfg = Debug|Any CPU
		{2D5E9540-65ED-43F8-B696-B70D3578091D}.Debug|Any CPU.Build.0 = Debug|Any CPU
		{2D5E9540-65ED-43F8-B696-B70D3578091D}.Release|Any CPU.ActiveCfg = Release|Any CPU
		{2D5E9540-65ED-43F8-B696-B70D3578091D}.Release|Any CPU.Build.0 = Release|Any CPU
		{C8B73D76-FC37-4696-8244-D58B0A2E974C}.Debug|Any CPU.ActiveCfg = Debug|Any CPU
		{C8B73D76-FC37-4696-8244-D58B0A2E974C}.Debug|Any CPU.Build.0 = Debug|Any CPU
		{C8B73D76-FC37-4696-8244-D58B0A2E974C}.Release|Any CPU.ActiveCfg = Release|Any CPU
		{C8B73D76-FC37-4696-8244-D58B0A2E974C}.Release|Any CPU.Build.0 = Release|Any CPU
		{5D453D89-E3A2-4370-8462-D5846F1D27D3}.Debug|Any CPU.ActiveCfg = Debug|Any CPU
		{5D453D89-E3A2-4370-8462-D5846F1D27D3}.Debug|Any CPU.Build.0 = Debug|Any CPU
		{5D453D89-E3A2-4370-8462-D5846F1D27D3}.Release|Any CPU.ActiveCfg = Release|Any CPU
		{5D453D89-E3A2-4370-8462-D5846F1D27D3}.Release|Any CPU.Build.0 = Release|Any CPU
		{A51AD723-9FDD-4AC7-B3CF-3748052B8573}.Debug|Any CPU.ActiveCfg = Debug|Any CPU
		{A51AD723-9FDD-4AC7-B3CF-3748052B8573}.Debug|Any CPU.Build.0 = Debug|Any CPU
		{A51AD723-9FDD-4AC7-B3CF-3748052B8573}.Release|Any CPU.ActiveCfg = Release|Any CPU
		{A51AD723-9FDD-4AC7-B3CF-3748052B8573}.Release|Any CPU.Build.0 = Release|Any CPU
		{6A331CC8-EC40-492B-8E6F-01D7A87B1D1A}.Debug|Any CPU.ActiveCfg = Debug|Any CPU
		{6A331CC8-EC40-492B-8E6F-01D7A87B1D1A}.Debug|Any CPU.Build.0 = Debug|Any CPU
		{6A331CC8-EC40-492B-8E6F-01D7A87B1D1A}.Release|Any CPU.ActiveCfg = Release|Any CPU
		{6A331CC8-EC40-492B-8E6F-01D7A87B1D1A}.Release|Any CPU.Build.0 = Release|Any CPU
		{74B30A9A-FE66-447F-BCA8-93888EB54AC4}.Debug|Any CPU.ActiveCfg = Debug|Any CPU
		{74B30A9A-FE66-447F-BCA8-93888EB54AC4}.Debug|Any CPU.Build.0 = Debug|Any CPU
		{74B30A9A-FE66-447F-BCA8-93888EB54AC4}.Release|Any CPU.ActiveCfg = Release|Any CPU
		{74B30A9A-FE66-447F-BCA8-93888EB54AC4}.Release|Any CPU.Build.0 = Release|Any CPU
		{53020849-F772-4D91-809E-BF7846A338E8}.Debug|Any CPU.ActiveCfg = Debug|Any CPU
		{53020849-F772-4D91-809E-BF7846A338E8}.Debug|Any CPU.Build.0 = Debug|Any CPU
		{53020849-F772-4D91-809E-BF7846A338E8}.Release|Any CPU.ActiveCfg = Release|Any CPU
		{53020849-F772-4D91-809E-BF7846A338E8}.Release|Any CPU.Build.0 = Release|Any CPU
	EndGlobalSection
	GlobalSection(SolutionProperties) = preSolution
		HideSolutionNode = FALSE
	EndGlobalSection
	GlobalSection(NestedProjects) = preSolution
		{7B5D4344-3FC9-403C-8217-45A95C6E55A1} = {0DEDF54F-5CDA-45DF-A023-8759FBA70B00}
		{3A162D1E-1F85-48DE-A457-F9797B46C4F4} = {0DEDF54F-5CDA-45DF-A023-8759FBA70B00}
		{3C7571FF-07D8-4154-8066-1DAC987935D5} = {7B5D4344-3FC9-403C-8217-45A95C6E55A1}
		{9DC5326C-665C-4964-9E82-EB2131AA0FF6} = {7B5D4344-3FC9-403C-8217-45A95C6E55A1}
		{2D5E9540-65ED-43F8-B696-B70D3578091D} = {7B5D4344-3FC9-403C-8217-45A95C6E55A1}
		{C8B73D76-FC37-4696-8244-D58B0A2E974C} = {7B5D4344-3FC9-403C-8217-45A95C6E55A1}
		{5D453D89-E3A2-4370-8462-D5846F1D27D3} = {3A162D1E-1F85-48DE-A457-F9797B46C4F4}
		{AEFB148D-7FCF-477E-B9EF-EBC7E9C3A4B5} = {0DEDF54F-5CDA-45DF-A023-8759FBA70B00}
		{A51AD723-9FDD-4AC7-B3CF-3748052B8573} = {AEFB148D-7FCF-477E-B9EF-EBC7E9C3A4B5}
		{6A331CC8-EC40-492B-8E6F-01D7A87B1D1A} = {3A162D1E-1F85-48DE-A457-F9797B46C4F4}
		{74B30A9A-FE66-447F-BCA8-93888EB54AC4} = {3A162D1E-1F85-48DE-A457-F9797B46C4F4}
		{434C98CC-A16A-4DAB-B672-6AE72A26232F} = {3A162D1E-1F85-48DE-A457-F9797B46C4F4}
		{53020849-F772-4D91-809E-BF7846A338E8} = {434C98CC-A16A-4DAB-B672-6AE72A26232F}
	EndGlobalSection
	GlobalSection(ExtensibilityGlobals) = postSolution
		SolutionGuid = {B7DA047A-3152-4CA4-8323-ED40CC6A39E5}
	EndGlobalSection
EndGlobal
